// !$*UTF8*$!
{
	archiveVersion = 1;
	classes = {
	};
	objectVersion = 56;
	objects = {

/* Begin PBXBuildFile section */
		4CB3CC8D2BACB4B100BBBF82 /* expense_trackerApp.swift in Sources */ = {isa = PBXBuildFile; fileRef = 4CB3CC8C2BACB4B100BBBF82 /* expense_trackerApp.swift */; };
		4CB3CC8F2BACB4B100BBBF82 /* ContentView.swift in Sources */ = {isa = PBXBuildFile; fileRef = 4CB3CC8E2BACB4B100BBBF82 /* ContentView.swift */; };
		4CB3CC912BACB4B300BBBF82 /* Assets.xcassets in Resources */ = {isa = PBXBuildFile; fileRef = 4CB3CC902BACB4B300BBBF82 /* Assets.xcassets */; };
		4CB3CC942BACB4B300BBBF82 /* Preview Assets.xcassets in Resources */ = {isa = PBXBuildFile; fileRef = 4CB3CC932BACB4B300BBBF82 /* Preview Assets.xcassets */; };
		4CB3CC9B2BADD76F00BBBF82 /* Extensions.swift in Sources */ = {isa = PBXBuildFile; fileRef = 4CB3CC9A2BADD76F00BBBF82 /* Extensions.swift */; };
		4CB3CC9D2BADEAF300BBBF82 /* TransactionModel.swift in Sources */ = {isa = PBXBuildFile; fileRef = 4CB3CC9C2BADEAF300BBBF82 /* TransactionModel.swift */; };
		4CB3CC9F2BADED5D00BBBF82 /* PreviewData.swift in Sources */ = {isa = PBXBuildFile; fileRef = 4CB3CC9E2BADED5D00BBBF82 /* PreviewData.swift */; };
		4CB3CCA12BAE020400BBBF82 /* TransactionRow.swift in Sources */ = {isa = PBXBuildFile; fileRef = 4CB3CCA02BAE020400BBBF82 /* TransactionRow.swift */; };
		4CB3CCA42BAE193600BBBF82 /* SwiftUIFontIcon in Frameworks */ = {isa = PBXBuildFile; productRef = 4CB3CCA32BAE193600BBBF82 /* SwiftUIFontIcon */; };
/* End PBXBuildFile section */

/* Begin PBXFileReference section */
		4CB3CC892BACB4B100BBBF82 /* expense_tracker.app */ = {isa = PBXFileReference; explicitFileType = wrapper.application; includeInIndex = 0; path = expense_tracker.app; sourceTree = BUILT_PRODUCTS_DIR; };
		4CB3CC8C2BACB4B100BBBF82 /* expense_trackerApp.swift */ = {isa = PBXFileReference; lastKnownFileType = sourcecode.swift; path = expense_trackerApp.swift; sourceTree = "<group>"; };
		4CB3CC8E2BACB4B100BBBF82 /* ContentView.swift */ = {isa = PBXFileReference; lastKnownFileType = sourcecode.swift; path = ContentView.swift; sourceTree = "<group>"; };
		4CB3CC902BACB4B300BBBF82 /* Assets.xcassets */ = {isa = PBXFileReference; lastKnownFileType = folder.assetcatalog; path = Assets.xcassets; sourceTree = "<group>"; };
		4CB3CC932BACB4B300BBBF82 /* Preview Assets.xcassets */ = {isa = PBXFileReference; lastKnownFileType = folder.assetcatalog; path = "Preview Assets.xcassets"; sourceTree = "<group>"; };
		4CB3CC9A2BADD76F00BBBF82 /* Extensions.swift */ = {isa = PBXFileReference; lastKnownFileType = sourcecode.swift; path = Extensions.swift; sourceTree = "<group>"; };
		4CB3CC9C2BADEAF300BBBF82 /* TransactionModel.swift */ = {isa = PBXFileReference; lastKnownFileType = sourcecode.swift; path = TransactionModel.swift; sourceTree = "<group>"; };
		4CB3CC9E2BADED5D00BBBF82 /* PreviewData.swift */ = {isa = PBXFileReference; lastKnownFileType = sourcecode.swift; path = PreviewData.swift; sourceTree = "<group>"; };
		4CB3CCA02BAE020400BBBF82 /* TransactionRow.swift */ = {isa = PBXFileReference; lastKnownFileType = sourcecode.swift; path = TransactionRow.swift; sourceTree = "<group>"; };
/* End PBXFileReference section */

/* Begin PBXFrameworksBuildPhase section */
		4CB3CC862BACB4B100BBBF82 /* Frameworks */ = {
			isa = PBXFrameworksBuildPhase;
			buildActionMask = 2147483647;
			files = (
				4CB3CCA42BAE193600BBBF82 /* SwiftUIFontIcon in Frameworks */,
			);
			runOnlyForDeploymentPostprocessing = 0;
		};
/* End PBXFrameworksBuildPhase section */

/* Begin PBXGroup section */
		4CB3CC802BACB4B100BBBF82 = {
			isa = PBXGroup;
			children = (
				4CB3CC8B2BACB4B100BBBF82 /* expense_tracker */,
				4CB3CC8A2BACB4B100BBBF82 /* Products */,
			);
			sourceTree = "<group>";
		};
		4CB3CC8A2BACB4B100BBBF82 /* Products */ = {
			isa = PBXGroup;
			children = (
				4CB3CC892BACB4B100BBBF82 /* expense_tracker.app */,
			);
			name = Products;
			sourceTree = "<group>";
		};
		4CB3CC8B2BACB4B100BBBF82 /* expense_tracker */ = {
			isa = PBXGroup;
			children = (
				4CB3CC8C2BACB4B100BBBF82 /* expense_trackerApp.swift */,
				4CB3CC8E2BACB4B100BBBF82 /* ContentView.swift */,
				4CB3CCA02BAE020400BBBF82 /* TransactionRow.swift */,
				4CB3CC9C2BADEAF300BBBF82 /* TransactionModel.swift */,
				4CB3CC9A2BADD76F00BBBF82 /* Extensions.swift */,
				4CB3CC902BACB4B300BBBF82 /* Assets.xcassets */,
				4CB3CC922BACB4B300BBBF82 /* Preview Content */,
			);
			path = expense_tracker;
			sourceTree = "<group>";
		};
		4CB3CC922BACB4B300BBBF82 /* Preview Content */ = {
			isa = PBXGroup;
			children = (
				4CB3CC932BACB4B300BBBF82 /* Preview Assets.xcassets */,
				4CB3CC9E2BADED5D00BBBF82 /* PreviewData.swift */,
			);
			path = "Preview Content";
			sourceTree = "<group>";
		};
/* End PBXGroup section */

/* Begin PBXNativeTarget section */
		4CB3CC882BACB4B100BBBF82 /* expense_tracker */ = {
			isa = PBXNativeTarget;
			buildConfigurationList = 4CB3CC972BACB4B300BBBF82 /* Build configuration list for PBXNativeTarget "expense_tracker" */;
			buildPhases = (
				4CB3CC852BACB4B100BBBF82 /* Sources */,
				4CB3CC862BACB4B100BBBF82 /* Frameworks */,
				4CB3CC872BACB4B100BBBF82 /* Resources */,
			);
			buildRules = (
			);
			dependencies = (
			);
			name = expense_tracker;
			packageProductDependencies = (
				4CB3CCA32BAE193600BBBF82 /* SwiftUIFontIcon */,
			);
			productName = expense_tracker;
			productReference = 4CB3CC892BACB4B100BBBF82 /* expense_tracker.app */;
			productType = "com.apple.product-type.application";
		};
/* End PBXNativeTarget section */

/* Begin PBXProject section */
		4CB3CC812BACB4B100BBBF82 /* Project object */ = {
			isa = PBXProject;
			attributes = {
				BuildIndependentTargetsInParallel = 1;
				LastSwiftUpdateCheck = 1430;
				LastUpgradeCheck = 1430;
				TargetAttributes = {
					4CB3CC882BACB4B100BBBF82 = {
						CreatedOnToolsVersion = 14.3.1;
					};
				};
			};
			buildConfigurationList = 4CB3CC842BACB4B100BBBF82 /* Build configuration list for PBXProject "expense_tracker" */;
			compatibilityVersion = "Xcode 14.0";
			developmentRegion = en;
			hasScannedForEncodings = 0;
			knownRegions = (
				en,
				Base,
			);
			mainGroup = 4CB3CC802BACB4B100BBBF82;
			packageReferences = (
				4CB3CCA22BAE193600BBBF82 /* XCRemoteSwiftPackageReference "SwiftUIFontIcon" */,
			);
			productRefGroup = 4CB3CC8A2BACB4B100BBBF82 /* Products */;
			projectDirPath = "";
			projectRoot = "";
			targets = (
				4CB3CC882BACB4B100BBBF82 /* expense_tracker */,
			);
		};
/* End PBXProject section */

/* Begin PBXResourcesBuildPhase section */
		4CB3CC872BACB4B100BBBF82 /* Resources */ = {
			isa = PBXResourcesBuildPhase;
			buildActionMask = 2147483647;
			files = (
				4CB3CC942BACB4B300BBBF82 /* Preview Assets.xcassets in Resources */,
				4CB3CC912BACB4B300BBBF82 /* Assets.xcassets in Resources */,
			);
			runOnlyForDeploymentPostprocessing = 0;
		};
/* End PBXResourcesBuildPhase section */

/* Begin PBXSourcesBuildPhase section */
		4CB3CC852BACB4B100BBBF82 /* Sources */ = {
			isa = PBXSourcesBuildPhase;
			buildActionMask = 2147483647;
			files = (
				4CB3CC9F2BADED5D00BBBF82 /* PreviewData.swift in Sources */,
				4CB3CC8F2BACB4B100BBBF82 /* ContentView.swift in Sources */,
				4CB3CC9B2BADD76F00BBBF82 /* Extensions.swift in Sources */,
				4CB3CCA12BAE020400BBBF82 /* TransactionRow.swift in Sources */,
				4CB3CC9D2BADEAF300BBBF82 /* TransactionModel.swift in Sources */,
				4CB3CC8D2BACB4B100BBBF82 /* expense_trackerApp.swift in Sources */,
			);
			runOnlyForDeploymentPostprocessing = 0;
		};
/* End PBXSourcesBuildPhase section */

/* Begin XCBuildConfiguration section */
		4CB3CC952BACB4B300BBBF82 /* Debug */ = {
			isa = XCBuildConfiguration;
			buildSettings = {
				ALWAYS_SEARCH_USER_PATHS = NO;
				CLANG_ANALYZER_NONNULL = YES;
				CLANG_ANALYZER_NUMBER_OBJECT_CONVERSION = YES_AGGRESSIVE;
				CLANG_CXX_LANGUAGE_STANDARD = "gnu++20";
				CLANG_ENABLE_MODULES = YES;
				CLANG_ENABLE_OBJC_ARC = YES;
				CLANG_ENABLE_OBJC_WEAK = YES;
				CLANG_WARN_BLOCK_CAPTURE_AUTORELEASING = YES;
				CLANG_WARN_BOOL_CONVERSION = YES;
				CLANG_WARN_COMMA = YES;
				CLANG_WARN_CONSTANT_CONVERSION = YES;
				CLANG_WARN_DEPRECATED_OBJC_IMPLEMENTATIONS = YES;
				CLANG_WARN_DIRECT_OBJC_ISA_USAGE = YES_ERROR;
				CLANG_WARN_DOCUMENTATION_COMMENTS = YES;
				CLANG_WARN_EMPTY_BODY = YES;
				CLANG_WARN_ENUM_CONVERSION = YES;
				CLANG_WARN_INFINITE_RECURSION = YES;
				CLANG_WARN_INT_CONVERSION = YES;
				CLANG_WARN_NON_LITERAL_NULL_CONVERSION = YES;
				CLANG_WARN_OBJC_IMPLICIT_RETAIN_SELF = YES;
				CLANG_WARN_OBJC_LITERAL_CONVERSION = YES;
				CLANG_WARN_OBJC_ROOT_CLASS = YES_ERROR;
				CLANG_WARN_QUOTED_INCLUDE_IN_FRAMEWORK_HEADER = YES;
				CLANG_WARN_RANGE_LOOP_ANALYSIS = YES;
				CLANG_WARN_STRICT_PROTOTYPES = YES;
				CLANG_WARN_SUSPICIOUS_MOVE = YES;
				CLANG_WARN_UNGUARDED_AVAILABILITY = YES_AGGRESSIVE;
				CLANG_WARN_UNREACHABLE_CODE = YES;
				CLANG_WARN__DUPLICATE_METHOD_MATCH = YES;
				COPY_PHASE_STRIP = NO;
				DEBUG_INFORMATION_FORMAT = dwarf;
				ENABLE_STRICT_OBJC_MSGSEND = YES;
				ENABLE_TESTABILITY = YES;
				GCC_C_LANGUAGE_STANDARD = gnu11;
				GCC_DYNAMIC_NO_PIC = NO;
				GCC_NO_COMMON_BLOCKS = YES;
				GCC_OPTIMIZATION_LEVEL = 0;
				GCC_PREPROCESSOR_DEFINITIONS = (
					"DEBUG=1",
					"$(inherited)",
				);
				GCC_WARN_64_TO_32_BIT_CONVERSION = YES;
				GCC_WARN_ABOUT_RETURN_TYPE = YES_ERROR;
				GCC_WARN_UNDECLARED_SELECTOR = YES;
				GCC_WARN_UNINITIALIZED_AUTOS = YES_AGGRESSIVE;
				GCC_WARN_UNUSED_FUNCTION = YES;
				GCC_WARN_UNUSED_VARIABLE = YES;
				IPHONEOS_DEPLOYMENT_TARGET = 16.4;
				MTL_ENABLE_DEBUG_INFO = INCLUDE_SOURCE;
				MTL_FAST_MATH = YES;
				ONLY_ACTIVE_ARCH = YES;
				SDKROOT = iphoneos;
				SWIFT_ACTIVE_COMPILATION_CONDITIONS = DEBUG;
				SWIFT_OPTIMIZATION_LEVEL = "-Onone";
			};
			name = Debug;
		};
		4CB3CC962BACB4B300BBBF82 /* Release */ = {
			isa = XCBuildConfiguration;
			buildSettings = {
				ALWAYS_SEARCH_USER_PATHS = NO;
				CLANG_ANALYZER_NONNULL = YES;
				CLANG_ANALYZER_NUMBER_OBJECT_CONVERSION = YES_AGGRESSIVE;
				CLANG_CXX_LANGUAGE_STANDARD = "gnu++20";
				CLANG_ENABLE_MODULES = YES;
				CLANG_ENABLE_OBJC_ARC = YES;
				CLANG_ENABLE_OBJC_WEAK = YES;
				CLANG_WARN_BLOCK_CAPTURE_AUTORELEASING = YES;
				CLANG_WARN_BOOL_CONVERSION = YES;
				CLANG_WARN_COMMA = YES;
				CLANG_WARN_CONSTANT_CONVERSION = YES;
				CLANG_WARN_DEPRECATED_OBJC_IMPLEMENTATIONS = YES;
				CLANG_WARN_DIRECT_OBJC_ISA_USAGE = YES_ERROR;
				CLANG_WARN_DOCUMENTATION_COMMENTS = YES;
				CLANG_WARN_EMPTY_BODY = YES;
				CLANG_WARN_ENUM_CONVERSION = YES;
				CLANG_WARN_INFINITE_RECURSION = YES;
				CLANG_WARN_INT_CONVERSION = YES;
				CLANG_WARN_NON_LITERAL_NULL_CONVERSION = YES;
				CLANG_WARN_OBJC_IMPLICIT_RETAIN_SELF = YES;
				CLANG_WARN_OBJC_LITERAL_CONVERSION = YES;
				CLANG_WARN_OBJC_ROOT_CLASS = YES_ERROR;
				CLANG_WARN_QUOTED_INCLUDE_IN_FRAMEWORK_HEADER = YES;
				CLANG_WARN_RANGE_LOOP_ANALYSIS = YES;
				CLANG_WARN_STRICT_PROTOTYPES = YES;
				CLANG_WARN_SUSPICIOUS_MOVE = YES;
				CLANG_WARN_UNGUARDED_AVAILABILITY = YES_AGGRESSIVE;
				CLANG_WARN_UNREACHABLE_CODE = YES;
				CLANG_WARN__DUPLICATE_METHOD_MATCH = YES;
				COPY_PHASE_STRIP = NO;
				DEBUG_INFORMATION_FORMAT = "dwarf-with-dsym";
				ENABLE_NS_ASSERTIONS = NO;
				ENABLE_STRICT_OBJC_MSGSEND = YES;
				GCC_C_LANGUAGE_STANDARD = gnu11;
				GCC_NO_COMMON_BLOCKS = YES;
				GCC_WARN_64_TO_32_BIT_CONVERSION = YES;
				GCC_WARN_ABOUT_RETURN_TYPE = YES_ERROR;
				GCC_WARN_UNDECLARED_SELECTOR = YES;
				GCC_WARN_UNINITIALIZED_AUTOS = YES_AGGRESSIVE;
				GCC_WARN_UNUSED_FUNCTION = YES;
				GCC_WARN_UNUSED_VARIABLE = YES;
				IPHONEOS_DEPLOYMENT_TARGET = 16.4;
				MTL_ENABLE_DEBUG_INFO = NO;
				MTL_FAST_MATH = YES;
				SDKROOT = iphoneos;
				SWIFT_COMPILATION_MODE = wholemodule;
				SWIFT_OPTIMIZATION_LEVEL = "-O";
				VALIDATE_PRODUCT = YES;
			};
			name = Release;
		};
		4CB3CC982BACB4B300BBBF82 /* Debug */ = {
			isa = XCBuildConfiguration;
			buildSettings = {
				ASSETCATALOG_COMPILER_APPICON_NAME = AppIcon;
				ASSETCATALOG_COMPILER_GLOBAL_ACCENT_COLOR_NAME = AccentColor;
				CODE_SIGN_STYLE = Automatic;
				CURRENT_PROJECT_VERSION = 1;
				DEVELOPMENT_ASSET_PATHS = "\"expense_tracker/Preview Content\"";
				DEVELOPMENT_TEAM = 36CZT38PRR;
				ENABLE_PREVIEWS = YES;
				GENERATE_INFOPLIST_FILE = YES;
				INFOPLIST_KEY_UIApplicationSceneManifest_Generation = YES;
				INFOPLIST_KEY_UIApplicationSupportsIndirectInputEvents = YES;
				INFOPLIST_KEY_UILaunchScreen_Generation = YES;
				INFOPLIST_KEY_UISupportedInterfaceOrientations_iPad = "UIInterfaceOrientationPortrait UIInterfaceOrientationPortraitUpsideDown UIInterfaceOrientationLandscapeLeft UIInterfaceOrientationLandscapeRight";
				INFOPLIST_KEY_UISupportedInterfaceOrientations_iPhone = "UIInterfaceOrientationPortrait UIInterfaceOrientationLandscapeLeft UIInterfaceOrientationLandscapeRight";
				LD_RUNPATH_SEARCH_PATHS = (
					"$(inherited)",
					"@executable_path/Frameworks",
				);
				MARKETING_VERSION = 1.0;
				PRODUCT_BUNDLE_IDENTIFIER = "App-michael.expense-tracker";
				PRODUCT_NAME = "$(TARGET_NAME)";
				SWIFT_EMIT_LOC_STRINGS = YES;
				SWIFT_VERSION = 5.0;
				TARGETED_DEVICE_FAMILY = "1,2";
			};
			name = Debug;
		};
		4CB3CC992BACB4B300BBBF82 /* Release */ = {
			isa = XCBuildConfiguration;
			buildSettings = {
				ASSETCATALOG_COMPILER_APPICON_NAME = AppIcon;
				ASSETCATALOG_COMPILER_GLOBAL_ACCENT_COLOR_NAME = AccentColor;
				CODE_SIGN_STYLE = Automatic;
				CURRENT_PROJECT_VERSION = 1;
				DEVELOPMENT_ASSET_PATHS = "\"expense_tracker/Preview Content\"";
				DEVELOPMENT_TEAM = 36CZT38PRR;
				ENABLE_PREVIEWS = YES;
				GENERATE_INFOPLIST_FILE = YES;
				INFOPLIST_KEY_UIApplicationSceneManifest_Generation = YES;
				INFOPLIST_KEY_UIApplicationSupportsIndirectInputEvents = YES;
				INFOPLIST_KEY_UILaunchScreen_Generation = YES;
				INFOPLIST_KEY_UISupportedInterfaceOrientations_iPad = "UIInterfaceOrientationPortrait UIInterfaceOrientationPortraitUpsideDown UIInterfaceOrientationLandscapeLeft UIInterfaceOrientationLandscapeRight";
				INFOPLIST_KEY_UISupportedInterfaceOrientations_iPhone = "UIInterfaceOrientationPortrait UIInterfaceOrientationLandscapeLeft UIInterfaceOrientationLandscapeRight";
				LD_RUNPATH_SEARCH_PATHS = (
					"$(inherited)",
					"@executable_path/Frameworks",
				);
				MARKETING_VERSION = 1.0;
				PRODUCT_BUNDLE_IDENTIFIER = "App-michael.expense-tracker";
				PRODUCT_NAME = "$(TARGET_NAME)";
				SWIFT_EMIT_LOC_STRINGS = YES;
				SWIFT_VERSION = 5.0;
				TARGETED_DEVICE_FAMILY = "1,2";
			};
			name = Release;
		};
/* End XCBuildConfiguration section */

/* Begin XCConfigurationList section */
		4CB3CC842BACB4B100BBBF82 /* Build configuration list for PBXProject "expense_tracker" */ = {
			isa = XCConfigurationList;
			buildConfigurations = (
				4CB3CC952BACB4B300BBBF82 /* Debug */,
				4CB3CC962BACB4B300BBBF82 /* Release */,
			);
			defaultConfigurationIsVisible = 0;
			defaultConfigurationName = Release;
		};
		4CB3CC972BACB4B300BBBF82 /* Build configuration list for PBXNativeTarget "expense_tracker" */ = {
			isa = XCConfigurationList;
			buildConfigurations = (
				4CB3CC982BACB4B300BBBF82 /* Debug */,
				4CB3CC992BACB4B300BBBF82 /* Release */,
			);
			defaultConfigurationIsVisible = 0;
			defaultConfigurationName = Release;
		};
/* End XCConfigurationList section */

/* Begin XCRemoteSwiftPackageReference section */
		4CB3CCA22BAE193600BBBF82 /* XCRemoteSwiftPackageReference "SwiftUIFontIcon" */ = {
			isa = XCRemoteSwiftPackageReference;
			repositoryURL = "https://github.com/huybuidac/SwiftUIFontIcon";
			requirement = {
				branch = master;
				kind = branch;
			};
		};
/* End XCRemoteSwiftPackageReference section */

/* Begin XCSwiftPackageProductDependency section */
		4CB3CCA32BAE193600BBBF82 /* SwiftUIFontIcon */ = {
			isa = XCSwiftPackageProductDependency;
			package = 4CB3CCA22BAE193600BBBF82 /* XCRemoteSwiftPackageReference "SwiftUIFontIcon" */;
			productName = SwiftUIFontIcon;
		};
/* End XCSwiftPackageProductDependency section */
	};
	rootObject = 4CB3CC812BACB4B100BBBF82 /* Project object */;
}
